// !$*UTF8*$!
{
	archiveVersion = 1;
	classes = {
	};
	objectVersion = 46;
	objects = {

/* Begin PBXBuildFile section */
		0401B3CC1C15D16A003F392F /* home.gpx in Resources */ = {isa = PBXBuildFile; fileRef = 0401B3CB1C15D16A003F392F /* home.gpx */; };
		040D641B1C01C1B2009BF2C8 /* kdtree.c in Sources */ = {isa = PBXBuildFile; fileRef = 040D64191C01C1B2009BF2C8 /* kdtree.c */; };
		040D641D1C03653B009BF2C8 /* UpdateManager.swift in Sources */ = {isa = PBXBuildFile; fileRef = 040D641C1C03653B009BF2C8 /* UpdateManager.swift */; };
		040D64201C03A3CD009BF2C8 /* DownloadUpdateViewController.swift in Sources */ = {isa = PBXBuildFile; fileRef = 040D641F1C03A3CD009BF2C8 /* DownloadUpdateViewController.swift */; };
		040D64231C03A7E7009BF2C8 /* RootTabBarController.swift in Sources */ = {isa = PBXBuildFile; fileRef = 040D64221C03A7E7009BF2C8 /* RootTabBarController.swift */; };
		041F00B61C159CD8003FBB8A /* riccarton.gpx in Resources */ = {isa = PBXBuildFile; fileRef = 041F00B51C159CD8003FBB8A /* riccarton.gpx */; };
		0424ED421BF6514700D7AB1F /* RouteStopIndeterminateTableViewCell.swift in Sources */ = {isa = PBXBuildFile; fileRef = 0424ED411BF6514700D7AB1F /* RouteStopIndeterminateTableViewCell.swift */; };
		042ED5A61BEB2D910093EB77 /* AppDelegate.swift in Sources */ = {isa = PBXBuildFile; fileRef = 042ED5A51BEB2D910093EB77 /* AppDelegate.swift */; };
		042ED5AB1BEB2D910093EB77 /* Main.storyboard in Resources */ = {isa = PBXBuildFile; fileRef = 042ED5A91BEB2D910093EB77 /* Main.storyboard */; };
		042ED5AD1BEB2D910093EB77 /* Assets.xcassets in Resources */ = {isa = PBXBuildFile; fileRef = 042ED5AC1BEB2D910093EB77 /* Assets.xcassets */; };
		042ED5B01BEB2D910093EB77 /* LaunchScreen.storyboard in Resources */ = {isa = PBXBuildFile; fileRef = 042ED5AE1BEB2D910093EB77 /* LaunchScreen.storyboard */; };
		042ED5BA1BEB31260093EB77 /* RouteInfoTableViewController.swift in Sources */ = {isa = PBXBuildFile; fileRef = 042ED5B91BEB31260093EB77 /* RouteInfoTableViewController.swift */; };
		042ED5BD1BEB317F0093EB77 /* BusStopTableViewCell.swift in Sources */ = {isa = PBXBuildFile; fileRef = 042ED5BB1BEB317F0093EB77 /* BusStopTableViewCell.swift */; };
		042ED5C11BEB5C880093EB77 /* RouteInformationManager.swift in Sources */ = {isa = PBXBuildFile; fileRef = 042ED5C01BEB5C880093EB77 /* RouteInformationManager.swift */; };
		0437768F1C1BD67200AE4815 /* RouteOptionTableViewCell.swift in Sources */ = {isa = PBXBuildFile; fileRef = 0437768E1C1BD67200AE4815 /* RouteOptionTableViewCell.swift */; };
		043776911C1C2CF800AE4815 /* TripPlanner.swift in Sources */ = {isa = PBXBuildFile; fileRef = 043776901C1C2CF800AE4815 /* TripPlanner.swift */; };
		0445E2CF1BF73C6700A3D416 /* LineViewTableViewController.swift in Sources */ = {isa = PBXBuildFile; fileRef = 0445E2CE1BF73C6700A3D416 /* LineViewTableViewController.swift */; };
		044FD2A11BFB8724007E0C50 /* LineStopTableViewCell.swift in Sources */ = {isa = PBXBuildFile; fileRef = 044FD2A01BFB8724007E0C50 /* LineStopTableViewCell.swift */; };
		0451FC8C1BF600F600794D4C /* StopInformationParser.swift in Sources */ = {isa = PBXBuildFile; fileRef = 0451FC8B1BF600F600794D4C /* StopInformationParser.swift */; };
		0451FC911BF60AB100794D4C /* StopInformationTableViewController.swift in Sources */ = {isa = PBXBuildFile; fileRef = 0451FC901BF60AB100794D4C /* StopInformationTableViewController.swift */; };
		0451FC931BF60C6500794D4C /* RouteStopTableViewCell.swift in Sources */ = {isa = PBXBuildFile; fileRef = 0451FC921BF60C6500794D4C /* RouteStopTableViewCell.swift */; };
		0455D0AE1C05FCA700134810 /* MapKit.framework in Frameworks */ = {isa = PBXBuildFile; fileRef = 0455D0AD1C05FCA700134810 /* MapKit.framework */; };
		0455D0B11C0601F000134810 /* RouteMapViewController.swift in Sources */ = {isa = PBXBuildFile; fileRef = 0455D0B01C0601F000134810 /* RouteMapViewController.swift */; };
		04688E8E1BF6339C006A1DFA /* info.xml in Resources */ = {isa = PBXBuildFile; fileRef = 04688E8D1BF6339C006A1DFA /* info.xml */; };
		046CA2441BFA32920061F89F /* find_stops_for_trip.sql in Resources */ = {isa = PBXBuildFile; fileRef = 046CA2431BFA32920061F89F /* find_stops_for_trip.sql */; };
		047981221BFF3EE000DB3947 /* database.zip in Resources */ = {isa = PBXBuildFile; fileRef = 047981211BFF3EE000DB3947 /* database.zip */; };
		0479812E1BFF73C800DB3947 /* SSZipArchive.m in Sources */ = {isa = PBXBuildFile; fileRef = 0479812C1BFF73C800DB3947 /* SSZipArchive.m */; };
		047981301BFF747000DB3947 /* libz.1.dylib in Frameworks */ = {isa = PBXBuildFile; fileRef = 0479812F1BFF747000DB3947 /* libz.1.dylib */; };
		047981421BFF75B000DB3947 /* ioapi.c in Sources */ = {isa = PBXBuildFile; fileRef = 0479813E1BFF75B000DB3947 /* ioapi.c */; };
		047981431BFF75B000DB3947 /* mztools.c in Sources */ = {isa = PBXBuildFile; fileRef = 0479813F1BFF75B000DB3947 /* mztools.c */; };
		047981441BFF75B000DB3947 /* unzip.c in Sources */ = {isa = PBXBuildFile; fileRef = 047981401BFF75B000DB3947 /* unzip.c */; };
		047981451BFF75B000DB3947 /* zip.c in Sources */ = {isa = PBXBuildFile; fileRef = 047981411BFF75B000DB3947 /* zip.c */; };
		04829E1E1C1858C10071687C /* interchange.gpx in Resources */ = {isa = PBXBuildFile; fileRef = 04829E1D1C1858C10071687C /* interchange.gpx */; };
		049C3B451C1B3789001848B7 /* RoutePlannerViewController.swift in Sources */ = {isa = PBXBuildFile; fileRef = 049C3B441C1B3789001848B7 /* RoutePlannerViewController.swift */; };
		04BF2AFC1C1F515F003D5699 /* TableViewErrorBackgroundView.swift in Sources */ = {isa = PBXBuildFile; fileRef = 04BF2AFB1C1F515F003D5699 /* TableViewErrorBackgroundView.swift */; };
		04BF2AFE1C1F53D7003D5699 /* TableViewErrorBackgroundView.xib in Resources */ = {isa = PBXBuildFile; fileRef = 04BF2AFD1C1F53D7003D5699 /* TableViewErrorBackgroundView.xib */; };
		04D6FAF41BF75A8C001BFC49 /* LineMajorStopTableViewCell.swift in Sources */ = {isa = PBXBuildFile; fileRef = 04D6FAF31BF75A8C001BFC49 /* LineMajorStopTableViewCell.swift */; };
		04D6FAF61BF75A9A001BFC49 /* LineMinorStopTableViewCell.swift in Sources */ = {isa = PBXBuildFile; fileRef = 04D6FAF51BF75A9A001BFC49 /* LineMinorStopTableViewCell.swift */; };
		04D6FAF81BF77D1D001BFC49 /* LineViewHeaderTableViewCell.swift in Sources */ = {isa = PBXBuildFile; fileRef = 04D6FAF71BF77D1D001BFC49 /* LineViewHeaderTableViewCell.swift */; };
		04D6FB191BF887A5001BFC49 /* DatabaseManager.swift in Sources */ = {isa = PBXBuildFile; fileRef = 04D6FB181BF887A5001BFC49 /* DatabaseManager.swift */; };
		04D6FB251BF88E09001BFC49 /* SQLite.framework in Frameworks */ = {isa = PBXBuildFile; fileRef = 04D6FB061BF886AD001BFC49 /* SQLite.framework */; };
		04D6FB271BF88E16001BFC49 /* SQLite.framework in Embed Frameworks */ = {isa = PBXBuildFile; fileRef = 04D6FB061BF886AD001BFC49 /* SQLite.framework */; settings = {ATTRIBUTES = (CodeSignOnCopy, RemoveHeadersOnCopy, ); }; };
		04F1EF501BF74C9C007AD4F4 /* LineStopIndicator.swift in Sources */ = {isa = PBXBuildFile; fileRef = 04F1EF4F1BF74C9C007AD4F4 /* LineStopIndicator.swift */; };
		04FF5B351BECA2B300A69C9C /* blue location.png in Resources */ = {isa = PBXBuildFile; fileRef = 04FF5B341BECA2B300A69C9C /* blue location.png */; };
		04FF5B381BECA98300A69C9C /* BusLineLabelView.swift in Sources */ = {isa = PBXBuildFile; fileRef = 04FF5B371BECA98300A69C9C /* BusLineLabelView.swift */; };
/* End PBXBuildFile section */

/* Begin PBXContainerItemProxy section */
		04D6FB051BF886AD001BFC49 /* PBXContainerItemProxy */ = {
			isa = PBXContainerItemProxy;
			containerPortal = 04D6FAF91BF886AD001BFC49 /* SQLite.xcodeproj */;
			proxyType = 2;
			remoteGlobalIDString = DC2B29E21B26F718001C60EA;
			remoteInfo = "SQLite iOS";
		};
		04D6FB281BF88E16001BFC49 /* PBXContainerItemProxy */ = {
			isa = PBXContainerItemProxy;
			containerPortal = 04D6FAF91BF886AD001BFC49 /* SQLite.xcodeproj */;
			proxyType = 1;
			remoteGlobalIDString = DC2B29E11B26F718001C60EA;
			remoteInfo = "SQLite iOS";
		};
/* End PBXContainerItemProxy section */

/* Begin PBXCopyFilesBuildPhase section */
		04D6FB2A1BF88E16001BFC49 /* Embed Frameworks */ = {
			isa = PBXCopyFilesBuildPhase;
			buildActionMask = 2147483647;
			dstPath = "";
			dstSubfolderSpec = 10;
			files = (
				04D6FB271BF88E16001BFC49 /* SQLite.framework in Embed Frameworks */,
			);
			name = "Embed Frameworks";
			runOnlyForDeploymentPostprocessing = 0;
		};
/* End PBXCopyFilesBuildPhase section */

/* Begin PBXFileReference section */
		0401B3CB1C15D16A003F392F /* home.gpx */ = {isa = PBXFileReference; fileEncoding = 4; lastKnownFileType = text; name = home.gpx; path = ../../home.gpx; sourceTree = "<group>"; };
		040D64191C01C1B2009BF2C8 /* kdtree.c */ = {isa = PBXFileReference; fileEncoding = 4; lastKnownFileType = sourcecode.c.c; path = kdtree.c; sourceTree = "<group>"; };
		040D641A1C01C1B2009BF2C8 /* kdtree.h */ = {isa = PBXFileReference; fileEncoding = 4; lastKnownFileType = sourcecode.c.h; path = kdtree.h; sourceTree = "<group>"; };
		040D641C1C03653B009BF2C8 /* UpdateManager.swift */ = {isa = PBXFileReference; fileEncoding = 4; lastKnownFileType = sourcecode.swift; path = UpdateManager.swift; sourceTree = "<group>"; };
		040D641F1C03A3CD009BF2C8 /* DownloadUpdateViewController.swift */ = {isa = PBXFileReference; fileEncoding = 4; lastKnownFileType = sourcecode.swift; path = DownloadUpdateViewController.swift; sourceTree = "<group>"; };
		040D64221C03A7E7009BF2C8 /* RootTabBarController.swift */ = {isa = PBXFileReference; fileEncoding = 4; lastKnownFileType = sourcecode.swift; path = RootTabBarController.swift; sourceTree = "<group>"; };
		041F00B51C159CD8003FBB8A /* riccarton.gpx */ = {isa = PBXFileReference; fileEncoding = 4; lastKnownFileType = text; name = riccarton.gpx; path = ../../riccarton.gpx; sourceTree = "<group>"; };
		0424ED411BF6514700D7AB1F /* RouteStopIndeterminateTableViewCell.swift */ = {isa = PBXFileReference; fileEncoding = 4; lastKnownFileType = sourcecode.swift; path = RouteStopIndeterminateTableViewCell.swift; sourceTree = "<group>"; };
		042ED5A21BEB2D910093EB77 /* Christchurch Bus Info.app */ = {isa = PBXFileReference; explicitFileType = wrapper.application; includeInIndex = 0; path = "Christchurch Bus Info.app"; sourceTree = BUILT_PRODUCTS_DIR; };
		042ED5A51BEB2D910093EB77 /* AppDelegate.swift */ = {isa = PBXFileReference; lastKnownFileType = sourcecode.swift; path = AppDelegate.swift; sourceTree = "<group>"; };
		042ED5AA1BEB2D910093EB77 /* Base */ = {isa = PBXFileReference; lastKnownFileType = file.storyboard; name = Base; path = Base.lproj/Main.storyboard; sourceTree = "<group>"; };
		042ED5AC1BEB2D910093EB77 /* Assets.xcassets */ = {isa = PBXFileReference; lastKnownFileType = folder.assetcatalog; path = Assets.xcassets; sourceTree = "<group>"; };
		042ED5AF1BEB2D910093EB77 /* Base */ = {isa = PBXFileReference; lastKnownFileType = file.storyboard; name = Base; path = Base.lproj/LaunchScreen.storyboard; sourceTree = "<group>"; };
		042ED5B11BEB2D910093EB77 /* Info.plist */ = {isa = PBXFileReference; lastKnownFileType = text.plist.xml; path = Info.plist; sourceTree = "<group>"; };
		042ED5B91BEB31260093EB77 /* RouteInfoTableViewController.swift */ = {isa = PBXFileReference; fileEncoding = 4; lastKnownFileType = sourcecode.swift; path = RouteInfoTableViewController.swift; sourceTree = "<group>"; };
		042ED5BB1BEB317F0093EB77 /* BusStopTableViewCell.swift */ = {isa = PBXFileReference; fileEncoding = 4; lastKnownFileType = sourcecode.swift; path = BusStopTableViewCell.swift; sourceTree = "<group>"; };
		042ED5C01BEB5C880093EB77 /* RouteInformationManager.swift */ = {isa = PBXFileReference; fileEncoding = 4; lastKnownFileType = sourcecode.swift; path = RouteInformationManager.swift; sourceTree = "<group>"; };
		0437768E1C1BD67200AE4815 /* RouteOptionTableViewCell.swift */ = {isa = PBXFileReference; fileEncoding = 4; lastKnownFileType = sourcecode.swift; path = RouteOptionTableViewCell.swift; sourceTree = "<group>"; };
		043776901C1C2CF800AE4815 /* TripPlanner.swift */ = {isa = PBXFileReference; fileEncoding = 4; lastKnownFileType = sourcecode.swift; path = TripPlanner.swift; sourceTree = "<group>"; };
		0445E2CE1BF73C6700A3D416 /* LineViewTableViewController.swift */ = {isa = PBXFileReference; fileEncoding = 4; lastKnownFileType = sourcecode.swift; path = LineViewTableViewController.swift; sourceTree = "<group>"; };
		044FD2A01BFB8724007E0C50 /* LineStopTableViewCell.swift */ = {isa = PBXFileReference; fileEncoding = 4; lastKnownFileType = sourcecode.swift; path = LineStopTableViewCell.swift; sourceTree = "<group>"; };
		0451FC8B1BF600F600794D4C /* StopInformationParser.swift */ = {isa = PBXFileReference; fileEncoding = 4; lastKnownFileType = sourcecode.swift; path = StopInformationParser.swift; sourceTree = "<group>"; };
		0451FC901BF60AB100794D4C /* StopInformationTableViewController.swift */ = {isa = PBXFileReference; fileEncoding = 4; lastKnownFileType = sourcecode.swift; path = StopInformationTableViewController.swift; sourceTree = "<group>"; };
		0451FC921BF60C6500794D4C /* RouteStopTableViewCell.swift */ = {isa = PBXFileReference; fileEncoding = 4; lastKnownFileType = sourcecode.swift; path = RouteStopTableViewCell.swift; sourceTree = "<group>"; };
		0455D0AD1C05FCA700134810 /* MapKit.framework */ = {isa = PBXFileReference; lastKnownFileType = wrapper.framework; name = MapKit.framework; path = System/Library/Frameworks/MapKit.framework; sourceTree = SDKROOT; };
		0455D0B01C0601F000134810 /* RouteMapViewController.swift */ = {isa = PBXFileReference; fileEncoding = 4; lastKnownFileType = sourcecode.swift; path = RouteMapViewController.swift; sourceTree = "<group>"; };
		04688E8D1BF6339C006A1DFA /* info.xml */ = {isa = PBXFileReference; fileEncoding = 4; lastKnownFileType = text.xml; path = info.xml; sourceTree = "<group>"; };
		046CA2431BFA32920061F89F /* find_stops_for_trip.sql */ = {isa = PBXFileReference; fileEncoding = 4; lastKnownFileType = text; path = find_stops_for_trip.sql; sourceTree = "<group>"; };
		047981211BFF3EE000DB3947 /* database.zip */ = {isa = PBXFileReference; lastKnownFileType = archive.zip; path = database.zip; sourceTree = "<group>"; };
		047981281BFF73C800DB3947 /* Christchurch Bus Info-Bridging-Header.h */ = {isa = PBXFileReference; lastKnownFileType = sourcecode.c.h; path = "Christchurch Bus Info-Bridging-Header.h"; sourceTree = SOURCE_ROOT; };
		047981291BFF73C800DB3947 /* Common.h */ = {isa = PBXFileReference; fileEncoding = 4; lastKnownFileType = sourcecode.c.h; path = Common.h; sourceTree = "<group>"; };
		0479812A1BFF73C800DB3947 /* SSZipArchive.h */ = {isa = PBXFileReference; fileEncoding = 4; lastKnownFileType = sourcecode.c.h; path = SSZipArchive.h; sourceTree = "<group>"; };
		0479812C1BFF73C800DB3947 /* SSZipArchive.m */ = {isa = PBXFileReference; fileEncoding = 4; lastKnownFileType = sourcecode.c.objc; path = SSZipArchive.m; sourceTree = "<group>"; };
		0479812F1BFF747000DB3947 /* libz.1.dylib */ = {isa = PBXFileReference; lastKnownFileType = "compiled.mach-o.dylib"; name = libz.1.dylib; path = /usr/lib/libz.1.dylib; sourceTree = "<absolute>"; };
		0479813E1BFF75B000DB3947 /* ioapi.c */ = {isa = PBXFileReference; lastKnownFileType = sourcecode.c.c; path = ioapi.c; sourceTree = "<group>"; };
		0479813F1BFF75B000DB3947 /* mztools.c */ = {isa = PBXFileReference; lastKnownFileType = sourcecode.c.c; path = mztools.c; sourceTree = "<group>"; };
		047981401BFF75B000DB3947 /* unzip.c */ = {isa = PBXFileReference; lastKnownFileType = sourcecode.c.c; path = unzip.c; sourceTree = "<group>"; };
		047981411BFF75B000DB3947 /* zip.c */ = {isa = PBXFileReference; lastKnownFileType = sourcecode.c.c; path = zip.c; sourceTree = "<group>"; };
		047981461BFF75D500DB3947 /* crypt.h */ = {isa = PBXFileReference; lastKnownFileType = sourcecode.c.h; path = crypt.h; sourceTree = "<group>"; };
		047981471BFF75D500DB3947 /* ioapi.h */ = {isa = PBXFileReference; lastKnownFileType = sourcecode.c.h; path = ioapi.h; sourceTree = "<group>"; };
		047981481BFF75D500DB3947 /* mztools.h */ = {isa = PBXFileReference; lastKnownFileType = sourcecode.c.h; path = mztools.h; sourceTree = "<group>"; };
		047981491BFF75D500DB3947 /* unzip.h */ = {isa = PBXFileReference; lastKnownFileType = sourcecode.c.h; path = unzip.h; sourceTree = "<group>"; };
		0479814A1BFF75D500DB3947 /* zip.h */ = {isa = PBXFileReference; lastKnownFileType = sourcecode.c.h; path = zip.h; sourceTree = "<group>"; };
		04829E1D1C1858C10071687C /* interchange.gpx */ = {isa = PBXFileReference; fileEncoding = 4; lastKnownFileType = text; name = interchange.gpx; path = ../../interchange.gpx; sourceTree = "<group>"; };
		049C3B441C1B3789001848B7 /* RoutePlannerViewController.swift */ = {isa = PBXFileReference; fileEncoding = 4; lastKnownFileType = sourcecode.swift; path = RoutePlannerViewController.swift; sourceTree = "<group>"; };
		04BF2AFB1C1F515F003D5699 /* TableViewErrorBackgroundView.swift */ = {isa = PBXFileReference; fileEncoding = 4; lastKnownFileType = sourcecode.swift; path = TableViewErrorBackgroundView.swift; sourceTree = "<group>"; };
		04BF2AFD1C1F53D7003D5699 /* TableViewErrorBackgroundView.xib */ = {isa = PBXFileReference; fileEncoding = 4; lastKnownFileType = file.xib; path = TableViewErrorBackgroundView.xib; sourceTree = "<group>"; };
		04D6FAF31BF75A8C001BFC49 /* LineMajorStopTableViewCell.swift */ = {isa = PBXFileReference; fileEncoding = 4; lastKnownFileType = sourcecode.swift; path = LineMajorStopTableViewCell.swift; sourceTree = "<group>"; };
		04D6FAF51BF75A9A001BFC49 /* LineMinorStopTableViewCell.swift */ = {isa = PBXFileReference; fileEncoding = 4; lastKnownFileType = sourcecode.swift; path = LineMinorStopTableViewCell.swift; sourceTree = "<group>"; };
		04D6FAF71BF77D1D001BFC49 /* LineViewHeaderTableViewCell.swift */ = {isa = PBXFileReference; fileEncoding = 4; lastKnownFileType = sourcecode.swift; path = LineViewHeaderTableViewCell.swift; sourceTree = "<group>"; };
		04D6FAF91BF886AD001BFC49 /* SQLite.xcodeproj */ = {isa = PBXFileReference; lastKnownFileType = "wrapper.pb-project"; name = SQLite.xcodeproj; path = "../SQLite.swift-master/SQLite.xcodeproj"; sourceTree = "<group>"; };
		04D6FB181BF887A5001BFC49 /* DatabaseManager.swift */ = {isa = PBXFileReference; fileEncoding = 4; lastKnownFileType = sourcecode.swift; path = DatabaseManager.swift; sourceTree = "<group>"; };
		04F1EF4F1BF74C9C007AD4F4 /* LineStopIndicator.swift */ = {isa = PBXFileReference; fileEncoding = 4; lastKnownFileType = sourcecode.swift; path = LineStopIndicator.swift; sourceTree = "<group>"; };
		04FF5B341BECA2B300A69C9C /* blue location.png */ = {isa = PBXFileReference; lastKnownFileType = image.png; path = "blue location.png"; sourceTree = "<group>"; };
		04FF5B371BECA98300A69C9C /* BusLineLabelView.swift */ = {isa = PBXFileReference; fileEncoding = 4; lastKnownFileType = sourcecode.swift; path = BusLineLabelView.swift; sourceTree = "<group>"; };
/* End PBXFileReference section */

/* Begin PBXFrameworksBuildPhase section */
		042ED59F1BEB2D910093EB77 /* Frameworks */ = {
			isa = PBXFrameworksBuildPhase;
			buildActionMask = 2147483647;
			files = (
				0455D0AE1C05FCA700134810 /* MapKit.framework in Frameworks */,
				047981301BFF747000DB3947 /* libz.1.dylib in Frameworks */,
				04D6FB251BF88E09001BFC49 /* SQLite.framework in Frameworks */,
			);
			runOnlyForDeploymentPostprocessing = 0;
		};
/* End PBXFrameworksBuildPhase section */

/* Begin PBXGroup section */
		0403FDFD1C1B3076002B467C /* Route Planner */ = {
			isa = PBXGroup;
			children = (
				049C3B441C1B3789001848B7 /* RoutePlannerViewController.swift */,
				0437768E1C1BD67200AE4815 /* RouteOptionTableViewCell.swift */,
				043776901C1C2CF800AE4815 /* TripPlanner.swift */,
				04BF2AFB1C1F515F003D5699 /* TableViewErrorBackgroundView.swift */,
			);
			name = "Route Planner";
			sourceTree = "<group>";
		};
		040D64181C01C1A6009BF2C8 /* kdtree */ = {
			isa = PBXGroup;
			children = (
				040D64191C01C1B2009BF2C8 /* kdtree.c */,
				040D641A1C01C1B2009BF2C8 /* kdtree.h */,
			);
			name = kdtree;
			sourceTree = "<group>";
		};
		040D641E1C03A3A9009BF2C8 /* Updates */ = {
			isa = PBXGroup;
			children = (
				040D641C1C03653B009BF2C8 /* UpdateManager.swift */,
				040D641F1C03A3CD009BF2C8 /* DownloadUpdateViewController.swift */,
			);
			name = Updates;
			sourceTree = "<group>";
		};
		040D64211C03A7BD009BF2C8 /* Controllers */ = {
			isa = PBXGroup;
			children = (
				042ED5B91BEB31260093EB77 /* RouteInfoTableViewController.swift */,
				040D64221C03A7E7009BF2C8 /* RootTabBarController.swift */,
			);
			name = Controllers;
			sourceTree = "<group>";
		};
		042ED5991BEB2D910093EB77 = {
			isa = PBXGroup;
			children = (
				04829E1D1C1858C10071687C /* interchange.gpx */,
				0401B3CB1C15D16A003F392F /* home.gpx */,
				041F00B51C159CD8003FBB8A /* riccarton.gpx */,
				0455D0AD1C05FCA700134810 /* MapKit.framework */,
				040D64181C01C1A6009BF2C8 /* kdtree */,
				047981271BFF73B200DB3947 /* ZipArchive */,
				042ED5A41BEB2D910093EB77 /* Christchurch Bus Info */,
				04FF5B341BECA2B300A69C9C /* blue location.png */,
				042ED5A31BEB2D910093EB77 /* Products */,
				04D6FAF91BF886AD001BFC49 /* SQLite.xcodeproj */,
			);
			sourceTree = "<group>";
		};
		042ED5A31BEB2D910093EB77 /* Products */ = {
			isa = PBXGroup;
			children = (
				042ED5A21BEB2D910093EB77 /* Christchurch Bus Info.app */,
			);
			name = Products;
			sourceTree = "<group>";
		};
		042ED5A41BEB2D910093EB77 /* Christchurch Bus Info */ = {
			isa = PBXGroup;
			children = (
				0403FDFD1C1B3076002B467C /* Route Planner */,
				0455D0AF1C0601CC00134810 /* Maps */,
				0445E2CD1BF73C4E00A3D416 /* Line Visualisation */,
				0451FC8F1BF60A9B00794D4C /* Stop Info */,
				04FF5B361BECA79200A69C9C /* Bus Stop Resources */,
				042ED5BF1BEB5C500093EB77 /* Data Management */,
				040D641E1C03A3A9009BF2C8 /* Updates */,
				040D64211C03A7BD009BF2C8 /* Controllers */,
				042ED5C21BEB5FF20093EB77 /* Resources */,
				042ED5A51BEB2D910093EB77 /* AppDelegate.swift */,
				047981281BFF73C800DB3947 /* Christchurch Bus Info-Bridging-Header.h */,
				042ED5A91BEB2D910093EB77 /* Main.storyboard */,
				042ED5AC1BEB2D910093EB77 /* Assets.xcassets */,
				042ED5AE1BEB2D910093EB77 /* LaunchScreen.storyboard */,
				042ED5B11BEB2D910093EB77 /* Info.plist */,
				04BF2AFD1C1F53D7003D5699 /* TableViewErrorBackgroundView.xib */,
			);
			path = "Christchurch Bus Info";
			sourceTree = "<group>";
		};
		042ED5BF1BEB5C500093EB77 /* Data Management */ = {
			isa = PBXGroup;
			children = (
				042ED5C01BEB5C880093EB77 /* RouteInformationManager.swift */,
				0451FC8B1BF600F600794D4C /* StopInformationParser.swift */,
				04D6FB181BF887A5001BFC49 /* DatabaseManager.swift */,
			);
			name = "Data Management";
			sourceTree = "<group>";
		};
		042ED5C21BEB5FF20093EB77 /* Resources */ = {
			isa = PBXGroup;
			children = (
				047981211BFF3EE000DB3947 /* database.zip */,
				04688E8D1BF6339C006A1DFA /* info.xml */,
				046CA2431BFA32920061F89F /* find_stops_for_trip.sql */,
			);
			name = Resources;
			sourceTree = "<group>";
		};
		0445E2CD1BF73C4E00A3D416 /* Line Visualisation */ = {
			isa = PBXGroup;
			children = (
				0445E2CE1BF73C6700A3D416 /* LineViewTableViewController.swift */,
				04F1EF4F1BF74C9C007AD4F4 /* LineStopIndicator.swift */,
				044FD2A01BFB8724007E0C50 /* LineStopTableViewCell.swift */,
				04D6FAF31BF75A8C001BFC49 /* LineMajorStopTableViewCell.swift */,
				04D6FAF51BF75A9A001BFC49 /* LineMinorStopTableViewCell.swift */,
				04D6FAF71BF77D1D001BFC49 /* LineViewHeaderTableViewCell.swift */,
			);
			name = "Line Visualisation";
			sourceTree = "<group>";
		};
		0451FC8F1BF60A9B00794D4C /* Stop Info */ = {
			isa = PBXGroup;
			children = (
				0451FC901BF60AB100794D4C /* StopInformationTableViewController.swift */,
				0451FC921BF60C6500794D4C /* RouteStopTableViewCell.swift */,
				0424ED411BF6514700D7AB1F /* RouteStopIndeterminateTableViewCell.swift */,
			);
			name = "Stop Info";
			sourceTree = "<group>";
		};
		0455D0AF1C0601CC00134810 /* Maps */ = {
			isa = PBXGroup;
			children = (
				0455D0B01C0601F000134810 /* RouteMapViewController.swift */,
			);
			name = Maps;
			sourceTree = "<group>";
		};
		047981271BFF73B200DB3947 /* ZipArchive */ = {
			isa = PBXGroup;
			children = (
				0479812F1BFF747000DB3947 /* libz.1.dylib */,
				0479814B1BFF75D900DB3947 /* minizip */,
				047981291BFF73C800DB3947 /* Common.h */,
				0479812A1BFF73C800DB3947 /* SSZipArchive.h */,
				0479812C1BFF73C800DB3947 /* SSZipArchive.m */,
			);
			name = ZipArchive;
			sourceTree = "<group>";
		};
		0479814B1BFF75D900DB3947 /* minizip */ = {
			isa = PBXGroup;
			children = (
				0479813E1BFF75B000DB3947 /* ioapi.c */,
				0479813F1BFF75B000DB3947 /* mztools.c */,
				047981401BFF75B000DB3947 /* unzip.c */,
				047981411BFF75B000DB3947 /* zip.c */,
				047981461BFF75D500DB3947 /* crypt.h */,
				047981471BFF75D500DB3947 /* ioapi.h */,
				047981481BFF75D500DB3947 /* mztools.h */,
				047981491BFF75D500DB3947 /* unzip.h */,
				0479814A1BFF75D500DB3947 /* zip.h */,
			);
			name = minizip;
			sourceTree = "<group>";
		};
		04D6FAFA1BF886AD001BFC49 /* Products */ = {
			isa = PBXGroup;
			children = (
				04D6FB061BF886AD001BFC49 /* SQLite.framework */,
			);
			name = Products;
			sourceTree = "<group>";
		};
		04FF5B361BECA79200A69C9C /* Bus Stop Resources */ = {
			isa = PBXGroup;
			children = (
				042ED5BB1BEB317F0093EB77 /* BusStopTableViewCell.swift */,
				04FF5B371BECA98300A69C9C /* BusLineLabelView.swift */,
			);
			name = "Bus Stop Resources";
			sourceTree = "<group>";
		};
/* End PBXGroup section */

/* Begin PBXNativeTarget section */
		042ED5A11BEB2D910093EB77 /* Christchurch Bus Info */ = {
			isa = PBXNativeTarget;
			buildConfigurationList = 042ED5B41BEB2D910093EB77 /* Build configuration list for PBXNativeTarget "Christchurch Bus Info" */;
			buildPhases = (
				042ED59E1BEB2D910093EB77 /* Sources */,
				042ED59F1BEB2D910093EB77 /* Frameworks */,
				042ED5A01BEB2D910093EB77 /* Resources */,
				04D6FB2A1BF88E16001BFC49 /* Embed Frameworks */,
			);
			buildRules = (
			);
			dependencies = (
				04D6FB291BF88E16001BFC49 /* PBXTargetDependency */,
			);
			name = "Christchurch Bus Info";
			productName = "Christchurch Bus Info";
			productReference = 042ED5A21BEB2D910093EB77 /* Christchurch Bus Info.app */;
			productType = "com.apple.product-type.application";
		};
/* End PBXNativeTarget section */

/* Begin PBXProject section */
		042ED59A1BEB2D910093EB77 /* Project object */ = {
			isa = PBXProject;
			attributes = {
				LastSwiftUpdateCheck = 0710;
				LastUpgradeCheck = 0710;
				ORGANIZATIONNAME = "Miyazu App + Web Design";
				TargetAttributes = {
					042ED5A11BEB2D910093EB77 = {
						CreatedOnToolsVersion = 7.1;
						DevelopmentTeam = BPWS3F8T7H;
					};
				};
			};
			buildConfigurationList = 042ED59D1BEB2D910093EB77 /* Build configuration list for PBXProject "Christchurch Bus Info" */;
			compatibilityVersion = "Xcode 3.2";
			developmentRegion = English;
			hasScannedForEncodings = 0;
			knownRegions = (
				en,
				Base,
			);
			mainGroup = 042ED5991BEB2D910093EB77;
			productRefGroup = 042ED5A31BEB2D910093EB77 /* Products */;
			projectDirPath = "";
			projectReferences = (
				{
					ProductGroup = 04D6FAFA1BF886AD001BFC49 /* Products */;
					ProjectRef = 04D6FAF91BF886AD001BFC49 /* SQLite.xcodeproj */;
				},
			);
			projectRoot = "";
			targets = (
				042ED5A11BEB2D910093EB77 /* Christchurch Bus Info */,
			);
		};
/* End PBXProject section */

/* Begin PBXReferenceProxy section */
		04D6FB061BF886AD001BFC49 /* SQLite.framework */ = {
			isa = PBXReferenceProxy;
			fileType = wrapper.framework;
			path = SQLite.framework;
			remoteRef = 04D6FB051BF886AD001BFC49 /* PBXContainerItemProxy */;
			sourceTree = BUILT_PRODUCTS_DIR;
		};
/* End PBXReferenceProxy section */

/* Begin PBXResourcesBuildPhase section */
		042ED5A01BEB2D910093EB77 /* Resources */ = {
			isa = PBXResourcesBuildPhase;
			buildActionMask = 2147483647;
			files = (
				04688E8E1BF6339C006A1DFA /* info.xml in Resources */,
				042ED5B01BEB2D910093EB77 /* LaunchScreen.storyboard in Resources */,
				0401B3CC1C15D16A003F392F /* home.gpx in Resources */,
				04BF2AFE1C1F53D7003D5699 /* TableViewErrorBackgroundView.xib in Resources */,
				042ED5AD1BEB2D910093EB77 /* Assets.xcassets in Resources */,
				047981221BFF3EE000DB3947 /* database.zip in Resources */,
				04FF5B351BECA2B300A69C9C /* blue location.png in Resources */,
				046CA2441BFA32920061F89F /* find_stops_for_trip.sql in Resources */,
				042ED5AB1BEB2D910093EB77 /* Main.storyboard in Resources */,
				04829E1E1C1858C10071687C /* interchange.gpx in Resources */,
				041F00B61C159CD8003FBB8A /* riccarton.gpx in Resources */,
			);
			runOnlyForDeploymentPostprocessing = 0;
		};
/* End PBXResourcesBuildPhase section */

/* Begin PBXSourcesBuildPhase section */
		042ED59E1BEB2D910093EB77 /* Sources */ = {
			isa = PBXSourcesBuildPhase;
			buildActionMask = 2147483647;
			files = (
				047981421BFF75B000DB3947 /* ioapi.c in Sources */,
				040D64231C03A7E7009BF2C8 /* RootTabBarController.swift in Sources */,
				047981431BFF75B000DB3947 /* mztools.c in Sources */,
				04BF2AFC1C1F515F003D5699 /* TableViewErrorBackgroundView.swift in Sources */,
				047981441BFF75B000DB3947 /* unzip.c in Sources */,
				047981451BFF75B000DB3947 /* zip.c in Sources */,
				04D6FB191BF887A5001BFC49 /* DatabaseManager.swift in Sources */,
				042ED5C11BEB5C880093EB77 /* RouteInformationManager.swift in Sources */,
				0479812E1BFF73C800DB3947 /* SSZipArchive.m in Sources */,
				0437768F1C1BD67200AE4815 /* RouteOptionTableViewCell.swift in Sources */,
				042ED5A61BEB2D910093EB77 /* AppDelegate.swift in Sources */,
				04D6FAF81BF77D1D001BFC49 /* LineViewHeaderTableViewCell.swift in Sources */,
				04FF5B381BECA98300A69C9C /* BusLineLabelView.swift in Sources */,
				0451FC8C1BF600F600794D4C /* StopInformationParser.swift in Sources */,
				04D6FAF61BF75A9A001BFC49 /* LineMinorStopTableViewCell.swift in Sources */,
				042ED5BD1BEB317F0093EB77 /* BusStopTableViewCell.swift in Sources */,
				0451FC911BF60AB100794D4C /* StopInformationTableViewController.swift in Sources */,
				0424ED421BF6514700D7AB1F /* RouteStopIndeterminateTableViewCell.swift in Sources */,
				04D6FAF41BF75A8C001BFC49 /* LineMajorStopTableViewCell.swift in Sources */,
				043776911C1C2CF800AE4815 /* TripPlanner.swift in Sources */,
				044FD2A11BFB8724007E0C50 /* LineStopTableViewCell.swift in Sources */,
				0451FC931BF60C6500794D4C /* RouteStopTableViewCell.swift in Sources */,
				04F1EF501BF74C9C007AD4F4 /* LineStopIndicator.swift in Sources */,
				040D64201C03A3CD009BF2C8 /* DownloadUpdateViewController.swift in Sources */,
				040D641D1C03653B009BF2C8 /* UpdateManager.swift in Sources */,
				042ED5BA1BEB31260093EB77 /* RouteInfoTableViewController.swift in Sources */,
				0445E2CF1BF73C6700A3D416 /* LineViewTableViewController.swift in Sources */,
				0455D0B11C0601F000134810 /* RouteMapViewController.swift in Sources */,
				049C3B451C1B3789001848B7 /* RoutePlannerViewController.swift in Sources */,
				040D641B1C01C1B2009BF2C8 /* kdtree.c in Sources */,
			);
			runOnlyForDeploymentPostprocessing = 0;
		};
/* End PBXSourcesBuildPhase section */

/* Begin PBXTargetDependency section */
		04D6FB291BF88E16001BFC49 /* PBXTargetDependency */ = {
			isa = PBXTargetDependency;
			name = "SQLite iOS";
			targetProxy = 04D6FB281BF88E16001BFC49 /* PBXContainerItemProxy */;
		};
/* End PBXTargetDependency section */

/* Begin PBXVariantGroup section */
		042ED5A91BEB2D910093EB77 /* Main.storyboard */ = {
			isa = PBXVariantGroup;
			children = (
				042ED5AA1BEB2D910093EB77 /* Base */,
			);
			name = Main.storyboard;
			sourceTree = "<group>";
		};
		042ED5AE1BEB2D910093EB77 /* LaunchScreen.storyboard */ = {
			isa = PBXVariantGroup;
			children = (
				042ED5AF1BEB2D910093EB77 /* Base */,
			);
			name = LaunchScreen.storyboard;
			sourceTree = "<group>";
		};
/* End PBXVariantGroup section */

/* Begin XCBuildConfiguration section */
		042ED5B21BEB2D910093EB77 /* Debug */ = {
			isa = XCBuildConfiguration;
			buildSettings = {
				ALWAYS_SEARCH_USER_PATHS = NO;
				CLANG_CXX_LANGUAGE_STANDARD = "gnu++0x";
				CLANG_CXX_LIBRARY = "libc++";
				CLANG_ENABLE_MODULES = YES;
				CLANG_ENABLE_OBJC_ARC = YES;
				CLANG_WARN_BOOL_CONVERSION = YES;
				CLANG_WARN_CONSTANT_CONVERSION = YES;
				CLANG_WARN_DIRECT_OBJC_ISA_USAGE = YES_ERROR;
				CLANG_WARN_EMPTY_BODY = YES;
				CLANG_WARN_ENUM_CONVERSION = YES;
				CLANG_WARN_INT_CONVERSION = YES;
				CLANG_WARN_OBJC_ROOT_CLASS = YES_ERROR;
				CLANG_WARN_UNREACHABLE_CODE = YES;
				CLANG_WARN__DUPLICATE_METHOD_MATCH = YES;
				"CODE_SIGN_IDENTITY[sdk=iphoneos*]" = "iPhone Developer";
				COPY_PHASE_STRIP = NO;
				DEBUG_INFORMATION_FORMAT = dwarf;
				ENABLE_STRICT_OBJC_MSGSEND = YES;
				ENABLE_TESTABILITY = YES;
				GCC_C_LANGUAGE_STANDARD = gnu99;
				GCC_DYNAMIC_NO_PIC = NO;
				GCC_NO_COMMON_BLOCKS = YES;
				GCC_OPTIMIZATION_LEVEL = 0;
				GCC_PREPROCESSOR_DEFINITIONS = (
					"DEBUG=1",
					"$(inherited)",
				);
				GCC_WARN_64_TO_32_BIT_CONVERSION = YES;
				GCC_WARN_ABOUT_RETURN_TYPE = YES_ERROR;
				GCC_WARN_UNDECLARED_SELECTOR = YES;
				GCC_WARN_UNINITIALIZED_AUTOS = YES_AGGRESSIVE;
				GCC_WARN_UNUSED_FUNCTION = YES;
				GCC_WARN_UNUSED_VARIABLE = YES;
				IPHONEOS_DEPLOYMENT_TARGET = 9.1;
				MTL_ENABLE_DEBUG_INFO = YES;
				ONLY_ACTIVE_ARCH = YES;
				SDKROOT = iphoneos;
				SWIFT_OPTIMIZATION_LEVEL = "-Onone";
			};
			name = Debug;
		};
		042ED5B31BEB2D910093EB77 /* Release */ = {
			isa = XCBuildConfiguration;
			buildSettings = {
				ALWAYS_SEARCH_USER_PATHS = NO;
				CLANG_CXX_LANGUAGE_STANDARD = "gnu++0x";
				CLANG_CXX_LIBRARY = "libc++";
				CLANG_ENABLE_MODULES = YES;
				CLANG_ENABLE_OBJC_ARC = YES;
				CLANG_WARN_BOOL_CONVERSION = YES;
				CLANG_WARN_CONSTANT_CONVERSION = YES;
				CLANG_WARN_DIRECT_OBJC_ISA_USAGE = YES_ERROR;
				CLANG_WARN_EMPTY_BODY = YES;
				CLANG_WARN_ENUM_CONVERSION = YES;
				CLANG_WARN_INT_CONVERSION = YES;
				CLANG_WARN_OBJC_ROOT_CLASS = YES_ERROR;
				CLANG_WARN_UNREACHABLE_CODE = YES;
				CLANG_WARN__DUPLICATE_METHOD_MATCH = YES;
				"CODE_SIGN_IDENTITY[sdk=iphoneos*]" = "iPhone Developer";
				COPY_PHASE_STRIP = NO;
				DEBUG_INFORMATION_FORMAT = "dwarf-with-dsym";
				ENABLE_NS_ASSERTIONS = NO;
				ENABLE_STRICT_OBJC_MSGSEND = YES;
				GCC_C_LANGUAGE_STANDARD = gnu99;
				GCC_NO_COMMON_BLOCKS = YES;
				GCC_WARN_64_TO_32_BIT_CONVERSION = YES;
				GCC_WARN_ABOUT_RETURN_TYPE = YES_ERROR;
				GCC_WARN_UNDECLARED_SELECTOR = YES;
				GCC_WARN_UNINITIALIZED_AUTOS = YES_AGGRESSIVE;
				GCC_WARN_UNUSED_FUNCTION = YES;
				GCC_WARN_UNUSED_VARIABLE = YES;
				IPHONEOS_DEPLOYMENT_TARGET = 9.1;
				MTL_ENABLE_DEBUG_INFO = NO;
				SDKROOT = iphoneos;
				VALIDATE_PRODUCT = YES;
			};
			name = Release;
		};
		042ED5B51BEB2D910093EB77 /* Debug */ = {
			isa = XCBuildConfiguration;
			buildSettings = {
				ASSETCATALOG_COMPILER_APPICON_NAME = AppIcon;
				CLANG_ENABLE_MODULES = YES;
				EMBEDDED_CONTENT_CONTAINS_SWIFT = YES;
				GCC_OPTIMIZATION_LEVEL = fast;
				INFOPLIST_FILE = "Christchurch Bus Info/Info.plist";
				IPHONEOS_DEPLOYMENT_TARGET = 8.2;
				LD_RUNPATH_SEARCH_PATHS = "$(inherited) @executable_path/Frameworks";
				OTHER_SWIFT_FLAGS = "-Ounchecked";
				PRODUCT_BUNDLE_IDENTIFIER = "com.miyazu.Christchurch-Bus-Info";
				PRODUCT_NAME = "$(TARGET_NAME)";
				SWIFT_OBJC_BRIDGING_HEADER = "Christchurch Bus Info-Bridging-Header.h";
				SWIFT_OPTIMIZATION_LEVEL = "-Owholemodule";
				TARGETED_DEVICE_FAMILY = 1;
			};
			name = Debug;
		};
		042ED5B61BEB2D910093EB77 /* Release */ = {
			isa = XCBuildConfiguration;
			buildSettings = {
				ASSETCATALOG_COMPILER_APPICON_NAME = AppIcon;
				CLANG_ENABLE_MODULES = YES;
				EMBEDDED_CONTENT_CONTAINS_SWIFT = YES;
				GCC_OPTIMIZATION_LEVEL = fast;
				INFOPLIST_FILE = "Christchurch Bus Info/Info.plist";
				IPHONEOS_DEPLOYMENT_TARGET = 8.2;
				LD_RUNPATH_SEARCH_PATHS = "$(inherited) @executable_path/Frameworks";
				OTHER_SWIFT_FLAGS = "-Ounchecked";
				PRODUCT_BUNDLE_IDENTIFIER = "com.miyazu.Christchurch-Bus-Info";
				PRODUCT_NAME = "$(TARGET_NAME)";
				SWIFT_OBJC_BRIDGING_HEADER = "Christchurch Bus Info-Bridging-Header.h";
				SWIFT_OPTIMIZATION_LEVEL = "-Owholemodule";
				TARGETED_DEVICE_FAMILY = 1;
			};
			name = Release;
		};
/* End XCBuildConfiguration section */

/* Begin XCConfigurationList section */
		042ED59D1BEB2D910093EB77 /* Build configuration list for PBXProject "Christchurch Bus Info" */ = {
			isa = XCConfigurationList;
			buildConfigurations = (
				042ED5B21BEB2D910093EB77 /* Debug */,
				042ED5B31BEB2D910093EB77 /* Release */,
			);
			defaultConfigurationIsVisible = 0;
			defaultConfigurationName = Release;
		};
		042ED5B41BEB2D910093EB77 /* Build configuration list for PBXNativeTarget "Christchurch Bus Info" */ = {
			isa = XCConfigurationList;
			buildConfigurations = (
				042ED5B51BEB2D910093EB77 /* Debug */,
				042ED5B61BEB2D910093EB77 /* Release */,
			);
			defaultConfigurationIsVisible = 0;
			defaultConfigurationName = Release;
		};
/* End XCConfigurationList section */
	};
	rootObject = 042ED59A1BEB2D910093EB77 /* Project object */;
}
