// !$*UTF8*$!
{
	archiveVersion = 1;
	classes = {
	};
	objectVersion = 46;
	objects = {

/* Begin PBXBuildFile section */
		0424ED421BF6514700D7AB1F /* RouteStopIndeterminateTableViewCell.swift in Sources */ = {isa = PBXBuildFile; fileRef = 0424ED411BF6514700D7AB1F /* RouteStopIndeterminateTableViewCell.swift */; };
		042ED5A61BEB2D910093EB77 /* AppDelegate.swift in Sources */ = {isa = PBXBuildFile; fileRef = 042ED5A51BEB2D910093EB77 /* AppDelegate.swift */; };
		042ED5AB1BEB2D910093EB77 /* Main.storyboard in Resources */ = {isa = PBXBuildFile; fileRef = 042ED5A91BEB2D910093EB77 /* Main.storyboard */; };
		042ED5AD1BEB2D910093EB77 /* Assets.xcassets in Resources */ = {isa = PBXBuildFile; fileRef = 042ED5AC1BEB2D910093EB77 /* Assets.xcassets */; };
		042ED5B01BEB2D910093EB77 /* LaunchScreen.storyboard in Resources */ = {isa = PBXBuildFile; fileRef = 042ED5AE1BEB2D910093EB77 /* LaunchScreen.storyboard */; };
		042ED5BA1BEB31260093EB77 /* RouteInfoTableViewController.swift in Sources */ = {isa = PBXBuildFile; fileRef = 042ED5B91BEB31260093EB77 /* RouteInfoTableViewController.swift */; };
		042ED5BD1BEB317F0093EB77 /* BusStopTableViewCell.swift in Sources */ = {isa = PBXBuildFile; fileRef = 042ED5BB1BEB317F0093EB77 /* BusStopTableViewCell.swift */; };
		042ED5C11BEB5C880093EB77 /* RouteInformationManager.swift in Sources */ = {isa = PBXBuildFile; fileRef = 042ED5C01BEB5C880093EB77 /* RouteInformationManager.swift */; };
		04350F551BEFA31D00FC189E /* stop_information.json in Resources */ = {isa = PBXBuildFile; fileRef = 04350F541BEFA31D00FC189E /* stop_information.json */; };
		0451FC8C1BF600F600794D4C /* StopInformationParser.swift in Sources */ = {isa = PBXBuildFile; fileRef = 0451FC8B1BF600F600794D4C /* StopInformationParser.swift */; };
		0451FC911BF60AB100794D4C /* StopInformationTableViewController.swift in Sources */ = {isa = PBXBuildFile; fileRef = 0451FC901BF60AB100794D4C /* StopInformationTableViewController.swift */; };
		0451FC931BF60C6500794D4C /* RouteStopTableViewCell.swift in Sources */ = {isa = PBXBuildFile; fileRef = 0451FC921BF60C6500794D4C /* RouteStopTableViewCell.swift */; };
		04688E8E1BF6339C006A1DFA /* info.xml in Resources */ = {isa = PBXBuildFile; fileRef = 04688E8D1BF6339C006A1DFA /* info.xml */; };
		04FF5B351BECA2B300A69C9C /* blue location.png in Resources */ = {isa = PBXBuildFile; fileRef = 04FF5B341BECA2B300A69C9C /* blue location.png */; };
		04FF5B381BECA98300A69C9C /* BusLineLabelView.swift in Sources */ = {isa = PBXBuildFile; fileRef = 04FF5B371BECA98300A69C9C /* BusLineLabelView.swift */; };
		04FF5B3C1BECBE7C00A69C9C /* TestViewController.swift in Sources */ = {isa = PBXBuildFile; fileRef = 04FF5B3B1BECBE7C00A69C9C /* TestViewController.swift */; };
/* End PBXBuildFile section */

/* Begin PBXFileReference section */
		0424ED411BF6514700D7AB1F /* RouteStopIndeterminateTableViewCell.swift */ = {isa = PBXFileReference; fileEncoding = 4; lastKnownFileType = sourcecode.swift; path = RouteStopIndeterminateTableViewCell.swift; sourceTree = "<group>"; };
		042ED5A21BEB2D910093EB77 /* Christchurch Bus Info.app */ = {isa = PBXFileReference; explicitFileType = wrapper.application; includeInIndex = 0; path = "Christchurch Bus Info.app"; sourceTree = BUILT_PRODUCTS_DIR; };
		042ED5A51BEB2D910093EB77 /* AppDelegate.swift */ = {isa = PBXFileReference; lastKnownFileType = sourcecode.swift; path = AppDelegate.swift; sourceTree = "<group>"; };
		042ED5AA1BEB2D910093EB77 /* Base */ = {isa = PBXFileReference; lastKnownFileType = file.storyboard; name = Base; path = Base.lproj/Main.storyboard; sourceTree = "<group>"; };
		042ED5AC1BEB2D910093EB77 /* Assets.xcassets */ = {isa = PBXFileReference; lastKnownFileType = folder.assetcatalog; path = Assets.xcassets; sourceTree = "<group>"; };
		042ED5AF1BEB2D910093EB77 /* Base */ = {isa = PBXFileReference; lastKnownFileType = file.storyboard; name = Base; path = Base.lproj/LaunchScreen.storyboard; sourceTree = "<group>"; };
		042ED5B11BEB2D910093EB77 /* Info.plist */ = {isa = PBXFileReference; lastKnownFileType = text.plist.xml; path = Info.plist; sourceTree = "<group>"; };
		042ED5B91BEB31260093EB77 /* RouteInfoTableViewController.swift */ = {isa = PBXFileReference; fileEncoding = 4; lastKnownFileType = sourcecode.swift; path = RouteInfoTableViewController.swift; sourceTree = "<group>"; };
		042ED5BB1BEB317F0093EB77 /* BusStopTableViewCell.swift */ = {isa = PBXFileReference; fileEncoding = 4; lastKnownFileType = sourcecode.swift; path = BusStopTableViewCell.swift; sourceTree = "<group>"; };
		042ED5C01BEB5C880093EB77 /* RouteInformationManager.swift */ = {isa = PBXFileReference; fileEncoding = 4; lastKnownFileType = sourcecode.swift; path = RouteInformationManager.swift; sourceTree = "<group>"; };
		04350F541BEFA31D00FC189E /* stop_information.json */ = {isa = PBXFileReference; fileEncoding = 4; lastKnownFileType = text.json; path = stop_information.json; sourceTree = "<group>"; };
		0451FC8B1BF600F600794D4C /* StopInformationParser.swift */ = {isa = PBXFileReference; fileEncoding = 4; lastKnownFileType = sourcecode.swift; path = StopInformationParser.swift; sourceTree = "<group>"; };
		0451FC901BF60AB100794D4C /* StopInformationTableViewController.swift */ = {isa = PBXFileReference; fileEncoding = 4; lastKnownFileType = sourcecode.swift; path = StopInformationTableViewController.swift; sourceTree = "<group>"; };
		0451FC921BF60C6500794D4C /* RouteStopTableViewCell.swift */ = {isa = PBXFileReference; fileEncoding = 4; lastKnownFileType = sourcecode.swift; path = RouteStopTableViewCell.swift; sourceTree = "<group>"; };
		04688E8D1BF6339C006A1DFA /* info.xml */ = {isa = PBXFileReference; fileEncoding = 4; lastKnownFileType = text.xml; path = info.xml; sourceTree = "<group>"; };
		04FF5B341BECA2B300A69C9C /* blue location.png */ = {isa = PBXFileReference; lastKnownFileType = image.png; path = "blue location.png"; sourceTree = "<group>"; };
		04FF5B371BECA98300A69C9C /* BusLineLabelView.swift */ = {isa = PBXFileReference; fileEncoding = 4; lastKnownFileType = sourcecode.swift; path = BusLineLabelView.swift; sourceTree = "<group>"; };
		04FF5B3B1BECBE7C00A69C9C /* TestViewController.swift */ = {isa = PBXFileReference; fileEncoding = 4; lastKnownFileType = sourcecode.swift; path = TestViewController.swift; sourceTree = "<group>"; };
/* End PBXFileReference section */

/* Begin PBXFrameworksBuildPhase section */
		042ED59F1BEB2D910093EB77 /* Frameworks */ = {
			isa = PBXFrameworksBuildPhase;
			buildActionMask = 2147483647;
			files = (
			);
			runOnlyForDeploymentPostprocessing = 0;
		};
/* End PBXFrameworksBuildPhase section */

/* Begin PBXGroup section */
		042ED5991BEB2D910093EB77 = {
			isa = PBXGroup;
			children = (
				042ED5A41BEB2D910093EB77 /* Christchurch Bus Info */,
				04FF5B341BECA2B300A69C9C /* blue location.png */,
				042ED5A31BEB2D910093EB77 /* Products */,
			);
			sourceTree = "<group>";
		};
		042ED5A31BEB2D910093EB77 /* Products */ = {
			isa = PBXGroup;
			children = (
				042ED5A21BEB2D910093EB77 /* Christchurch Bus Info.app */,
			);
			name = Products;
			sourceTree = "<group>";
		};
		042ED5A41BEB2D910093EB77 /* Christchurch Bus Info */ = {
			isa = PBXGroup;
			children = (
				0451FC8F1BF60A9B00794D4C /* Stop Info */,
				04FF5B361BECA79200A69C9C /* Bus Stop Resources */,
				042ED5BF1BEB5C500093EB77 /* Data Management */,
				042ED5C21BEB5FF20093EB77 /* Resources */,
				042ED5A51BEB2D910093EB77 /* AppDelegate.swift */,
				042ED5B91BEB31260093EB77 /* RouteInfoTableViewController.swift */,
				042ED5A91BEB2D910093EB77 /* Main.storyboard */,
				042ED5AC1BEB2D910093EB77 /* Assets.xcassets */,
				042ED5AE1BEB2D910093EB77 /* LaunchScreen.storyboard */,
				042ED5B11BEB2D910093EB77 /* Info.plist */,
				04FF5B3B1BECBE7C00A69C9C /* TestViewController.swift */,
			);
			path = "Christchurch Bus Info";
			sourceTree = "<group>";
		};
		042ED5BF1BEB5C500093EB77 /* Data Management */ = {
			isa = PBXGroup;
			children = (
				042ED5C01BEB5C880093EB77 /* RouteInformationManager.swift */,
				0451FC8B1BF600F600794D4C /* StopInformationParser.swift */,
			);
			name = "Data Management";
			sourceTree = "<group>";
		};
		042ED5C21BEB5FF20093EB77 /* Resources */ = {
			isa = PBXGroup;
			children = (
				04688E8D1BF6339C006A1DFA /* info.xml */,
				04350F541BEFA31D00FC189E /* stop_information.json */,
			);
			name = Resources;
			sourceTree = "<group>";
		};
		0451FC8F1BF60A9B00794D4C /* Stop Info */ = {
			isa = PBXGroup;
			children = (
				0451FC901BF60AB100794D4C /* StopInformationTableViewController.swift */,
				0451FC921BF60C6500794D4C /* RouteStopTableViewCell.swift */,
				0424ED411BF6514700D7AB1F /* RouteStopIndeterminateTableViewCell.swift */,
			);
			name = "Stop Info";
			sourceTree = "<group>";
		};
		04FF5B361BECA79200A69C9C /* Bus Stop Resources */ = {
			isa = PBXGroup;
			children = (
				042ED5BB1BEB317F0093EB77 /* BusStopTableViewCell.swift */,
				04FF5B371BECA98300A69C9C /* BusLineLabelView.swift */,
			);
			name = "Bus Stop Resources";
			sourceTree = "<group>";
		};
/* End PBXGroup section */

/* Begin PBXNativeTarget section */
		042ED5A11BEB2D910093EB77 /* Christchurch Bus Info */ = {
			isa = PBXNativeTarget;
			buildConfigurationList = 042ED5B41BEB2D910093EB77 /* Build configuration list for PBXNativeTarget "Christchurch Bus Info" */;
			buildPhases = (
				042ED59E1BEB2D910093EB77 /* Sources */,
				042ED59F1BEB2D910093EB77 /* Frameworks */,
				042ED5A01BEB2D910093EB77 /* Resources */,
			);
			buildRules = (
			);
			dependencies = (
			);
			name = "Christchurch Bus Info";
			productName = "Christchurch Bus Info";
			productReference = 042ED5A21BEB2D910093EB77 /* Christchurch Bus Info.app */;
			productType = "com.apple.product-type.application";
		};
/* End PBXNativeTarget section */

/* Begin PBXProject section */
		042ED59A1BEB2D910093EB77 /* Project object */ = {
			isa = PBXProject;
			attributes = {
				LastSwiftUpdateCheck = 0710;
				LastUpgradeCheck = 0710;
				ORGANIZATIONNAME = "Miyazu App + Web Design";
				TargetAttributes = {
					042ED5A11BEB2D910093EB77 = {
						CreatedOnToolsVersion = 7.1;
						DevelopmentTeam = BPWS3F8T7H;
					};
				};
			};
			buildConfigurationList = 042ED59D1BEB2D910093EB77 /* Build configuration list for PBXProject "Christchurch Bus Info" */;
			compatibilityVersion = "Xcode 3.2";
			developmentRegion = English;
			hasScannedForEncodings = 0;
			knownRegions = (
				en,
				Base,
			);
			mainGroup = 042ED5991BEB2D910093EB77;
			productRefGroup = 042ED5A31BEB2D910093EB77 /* Products */;
			projectDirPath = "";
			projectRoot = "";
			targets = (
				042ED5A11BEB2D910093EB77 /* Christchurch Bus Info */,
			);
		};
/* End PBXProject section */

/* Begin PBXResourcesBuildPhase section */
		042ED5A01BEB2D910093EB77 /* Resources */ = {
			isa = PBXResourcesBuildPhase;
			buildActionMask = 2147483647;
			files = (
				04688E8E1BF6339C006A1DFA /* info.xml in Resources */,
				042ED5B01BEB2D910093EB77 /* LaunchScreen.storyboard in Resources */,
				042ED5AD1BEB2D910093EB77 /* Assets.xcassets in Resources */,
				04350F551BEFA31D00FC189E /* stop_information.json in Resources */,
				04FF5B351BECA2B300A69C9C /* blue location.png in Resources */,
				042ED5AB1BEB2D910093EB77 /* Main.storyboard in Resources */,
			);
			runOnlyForDeploymentPostprocessing = 0;
		};
/* End PBXResourcesBuildPhase section */

/* Begin PBXSourcesBuildPhase section */
		042ED59E1BEB2D910093EB77 /* Sources */ = {
			isa = PBXSourcesBuildPhase;
			buildActionMask = 2147483647;
			files = (
				042ED5C11BEB5C880093EB77 /* RouteInformationManager.swift in Sources */,
				042ED5A61BEB2D910093EB77 /* AppDelegate.swift in Sources */,
				04FF5B381BECA98300A69C9C /* BusLineLabelView.swift in Sources */,
				0451FC8C1BF600F600794D4C /* StopInformationParser.swift in Sources */,
				042ED5BD1BEB317F0093EB77 /* BusStopTableViewCell.swift in Sources */,
				04FF5B3C1BECBE7C00A69C9C /* TestViewController.swift in Sources */,
				0451FC911BF60AB100794D4C /* StopInformationTableViewController.swift in Sources */,
				0424ED421BF6514700D7AB1F /* RouteStopIndeterminateTableViewCell.swift in Sources */,
				0451FC931BF60C6500794D4C /* RouteStopTableViewCell.swift in Sources */,
				042ED5BA1BEB31260093EB77 /* RouteInfoTableViewController.swift in Sources */,
			);
			runOnlyForDeploymentPostprocessing = 0;
		};
/* End PBXSourcesBuildPhase section */

/* Begin PBXVariantGroup section */
		042ED5A91BEB2D910093EB77 /* Main.storyboard */ = {
			isa = PBXVariantGroup;
			children = (
				042ED5AA1BEB2D910093EB77 /* Base */,
			);
			name = Main.storyboard;
			sourceTree = "<group>";
		};
		042ED5AE1BEB2D910093EB77 /* LaunchScreen.storyboard */ = {
			isa = PBXVariantGroup;
			children = (
				042ED5AF1BEB2D910093EB77 /* Base */,
			);
			name = LaunchScreen.storyboard;
			sourceTree = "<group>";
		};
/* End PBXVariantGroup section */

/* Begin XCBuildConfiguration section */
		042ED5B21BEB2D910093EB77 /* Debug */ = {
			isa = XCBuildConfiguration;
			buildSettings = {
				ALWAYS_SEARCH_USER_PATHS = NO;
				CLANG_CXX_LANGUAGE_STANDARD = "gnu++0x";
				CLANG_CXX_LIBRARY = "libc++";
				CLANG_ENABLE_MODULES = YES;
				CLANG_ENABLE_OBJC_ARC = YES;
				CLANG_WARN_BOOL_CONVERSION = YES;
				CLANG_WARN_CONSTANT_CONVERSION = YES;
				CLANG_WARN_DIRECT_OBJC_ISA_USAGE = YES_ERROR;
				CLANG_WARN_EMPTY_BODY = YES;
				CLANG_WARN_ENUM_CONVERSION = YES;
				CLANG_WARN_INT_CONVERSION = YES;
				CLANG_WARN_OBJC_ROOT_CLASS = YES_ERROR;
				CLANG_WARN_UNREACHABLE_CODE = YES;
				CLANG_WARN__DUPLICATE_METHOD_MATCH = YES;
				"CODE_SIGN_IDENTITY[sdk=iphoneos*]" = "iPhone Developer";
				COPY_PHASE_STRIP = NO;
				DEBUG_INFORMATION_FORMAT = dwarf;
				ENABLE_STRICT_OBJC_MSGSEND = YES;
				ENABLE_TESTABILITY = YES;
				GCC_C_LANGUAGE_STANDARD = gnu99;
				GCC_DYNAMIC_NO_PIC = NO;
				GCC_NO_COMMON_BLOCKS = YES;
				GCC_OPTIMIZATION_LEVEL = 0;
				GCC_PREPROCESSOR_DEFINITIONS = (
					"DEBUG=1",
					"$(inherited)",
				);
				GCC_WARN_64_TO_32_BIT_CONVERSION = YES;
				GCC_WARN_ABOUT_RETURN_TYPE = YES_ERROR;
				GCC_WARN_UNDECLARED_SELECTOR = YES;
				GCC_WARN_UNINITIALIZED_AUTOS = YES_AGGRESSIVE;
				GCC_WARN_UNUSED_FUNCTION = YES;
				GCC_WARN_UNUSED_VARIABLE = YES;
				IPHONEOS_DEPLOYMENT_TARGET = 9.1;
				MTL_ENABLE_DEBUG_INFO = YES;
				ONLY_ACTIVE_ARCH = YES;
				SDKROOT = iphoneos;
				SWIFT_OPTIMIZATION_LEVEL = "-Onone";
			};
			name = Debug;
		};
		042ED5B31BEB2D910093EB77 /* Release */ = {
			isa = XCBuildConfiguration;
			buildSettings = {
				ALWAYS_SEARCH_USER_PATHS = NO;
				CLANG_CXX_LANGUAGE_STANDARD = "gnu++0x";
				CLANG_CXX_LIBRARY = "libc++";
				CLANG_ENABLE_MODULES = YES;
				CLANG_ENABLE_OBJC_ARC = YES;
				CLANG_WARN_BOOL_CONVERSION = YES;
				CLANG_WARN_CONSTANT_CONVERSION = YES;
				CLANG_WARN_DIRECT_OBJC_ISA_USAGE = YES_ERROR;
				CLANG_WARN_EMPTY_BODY = YES;
				CLANG_WARN_ENUM_CONVERSION = YES;
				CLANG_WARN_INT_CONVERSION = YES;
				CLANG_WARN_OBJC_ROOT_CLASS = YES_ERROR;
				CLANG_WARN_UNREACHABLE_CODE = YES;
				CLANG_WARN__DUPLICATE_METHOD_MATCH = YES;
				"CODE_SIGN_IDENTITY[sdk=iphoneos*]" = "iPhone Developer";
				COPY_PHASE_STRIP = NO;
				DEBUG_INFORMATION_FORMAT = "dwarf-with-dsym";
				ENABLE_NS_ASSERTIONS = NO;
				ENABLE_STRICT_OBJC_MSGSEND = YES;
				GCC_C_LANGUAGE_STANDARD = gnu99;
				GCC_NO_COMMON_BLOCKS = YES;
				GCC_WARN_64_TO_32_BIT_CONVERSION = YES;
				GCC_WARN_ABOUT_RETURN_TYPE = YES_ERROR;
				GCC_WARN_UNDECLARED_SELECTOR = YES;
				GCC_WARN_UNINITIALIZED_AUTOS = YES_AGGRESSIVE;
				GCC_WARN_UNUSED_FUNCTION = YES;
				GCC_WARN_UNUSED_VARIABLE = YES;
				IPHONEOS_DEPLOYMENT_TARGET = 9.1;
				MTL_ENABLE_DEBUG_INFO = NO;
				SDKROOT = iphoneos;
				VALIDATE_PRODUCT = YES;
			};
			name = Release;
		};
		042ED5B51BEB2D910093EB77 /* Debug */ = {
			isa = XCBuildConfiguration;
			buildSettings = {
				ASSETCATALOG_COMPILER_APPICON_NAME = AppIcon;
				INFOPLIST_FILE = "Christchurch Bus Info/Info.plist";
				IPHONEOS_DEPLOYMENT_TARGET = 8.2;
				LD_RUNPATH_SEARCH_PATHS = "$(inherited) @executable_path/Frameworks";
				PRODUCT_BUNDLE_IDENTIFIER = "com.miyazu.Christchurch-Bus-Info";
				PRODUCT_NAME = "$(TARGET_NAME)";
			};
			name = Debug;
		};
		042ED5B61BEB2D910093EB77 /* Release */ = {
			isa = XCBuildConfiguration;
			buildSettings = {
				ASSETCATALOG_COMPILER_APPICON_NAME = AppIcon;
				INFOPLIST_FILE = "Christchurch Bus Info/Info.plist";
				IPHONEOS_DEPLOYMENT_TARGET = 8.2;
				LD_RUNPATH_SEARCH_PATHS = "$(inherited) @executable_path/Frameworks";
				PRODUCT_BUNDLE_IDENTIFIER = "com.miyazu.Christchurch-Bus-Info";
				PRODUCT_NAME = "$(TARGET_NAME)";
			};
			name = Release;
		};
/* End XCBuildConfiguration section */

/* Begin XCConfigurationList section */
		042ED59D1BEB2D910093EB77 /* Build configuration list for PBXProject "Christchurch Bus Info" */ = {
			isa = XCConfigurationList;
			buildConfigurations = (
				042ED5B21BEB2D910093EB77 /* Debug */,
				042ED5B31BEB2D910093EB77 /* Release */,
			);
			defaultConfigurationIsVisible = 0;
			defaultConfigurationName = Release;
		};
		042ED5B41BEB2D910093EB77 /* Build configuration list for PBXNativeTarget "Christchurch Bus Info" */ = {
			isa = XCConfigurationList;
			buildConfigurations = (
				042ED5B51BEB2D910093EB77 /* Debug */,
				042ED5B61BEB2D910093EB77 /* Release */,
			);
			defaultConfigurationIsVisible = 0;
			defaultConfigurationName = Release;
		};
/* End XCConfigurationList section */
	};
	rootObject = 042ED59A1BEB2D910093EB77 /* Project object */;
}
