PODS:
  - GoogleMaps (1.13.1)
  - SQLite.swift (0.9.2)

DEPENDENCIES:
  - GoogleMaps
  - SQLite.swift (from `https://github.com/stephencelis/SQLite.swift.git`, branch `cocoapods-xcode-7-3`)

EXTERNAL SOURCES:
  SQLite.swift:
    :branch: cocoapods-xcode-7-3
    :git: https://github.com/stephencelis/SQLite.swift.git

CHECKOUT OPTIONS:
  SQLite.swift:
    :commit: 8d2903bd70029379184e77e2b6916cf2d884b6de
    :git: https://github.com/stephencelis/SQLite.swift.git

SPEC CHECKSUMS:
  GoogleMaps: 8935220056a6cc8e9ca298b4da4ae530620aa71b
  SQLite.swift: 021e011812e5546628e5b8752f3b71d757356dd8

PODFILE CHECKSUM: a684c62d376fbc73bb4bc09153e8db38395741ce

COCOAPODS: 1.0.0.rc.1
